
Microsoft Visual Studio Solution File, Format Version 12.00
# Visual Studio Version 16
VisualStudioVersion = 16.0.29613.14
MinimumVisualStudioVersion = 10.0.40219.1
Project("{9A19103F-16F7-4668-BE54-9A1E7A4F7556}") = "UNFHackAThon", "UNFHackAThon\UNFHackAThon.csproj", "{9587A6D3-FC4B-48CA-87A1-A234252863BB}"
EndProject
Global
	GlobalSection(SolutionConfigurationPlatforms) = preSolution
		Debug|Any CPU = Debug|Any CPU
		Release|Any CPU = Release|Any CPU
	EndGlobalSection
	GlobalSection(ProjectConfigurationPlatforms) = postSolution
		{9587A6D3-FC4B-48CA-87A1-A234252863BB}.Debug|Any CPU.ActiveCfg = Debug|Any CPU
		{9587A6D3-FC4B-48CA-87A1-A234252863BB}.Debug|Any CPU.Build.0 = Debug|Any CPU
		{9587A6D3-FC4B-48CA-87A1-A234252863BB}.Release|Any CPU.ActiveCfg = Release|Any CPU
		{9587A6D3-FC4B-48CA-87A1-A234252863BB}.Release|Any CPU.Build.0 = Release|Any CPU
	EndGlobalSection
	GlobalSection(SolutionProperties) = preSolution
		HideSolutionNode = FALSE
	EndGlobalSection
	GlobalSection(ExtensibilityGlobals) = postSolution
		SolutionGuid = {2C848E68-3BA5-4817-8964-D2C7235CC0E6}
	EndGlobalSection
EndGlobal
